
Microsoft Visual Studio Solution File, Format Version 11.00
# Visual C++ Express 2010
Project("{8BC9CEB8-8B4A-11D0-8D11-00A0C91BC942}") = "cppraytracer", "cppraytracer.vcxproj", "{AD371AAD-DB03-43B3-B724-CBF4CF9659DA}"
EndProject
Global
	GlobalSection(SolutionConfigurationPlatforms) = preSolution
		Release|x64 = Release|x64
	EndGlobalSection
	GlobalSection(ProjectConfigurationPlatforms) = postSolution
		{AD371AAD-DB03-43B3-B724-CBF4CF9659DA}.Release|x64.ActiveCfg = Release|x64
		{AD371AAD-DB03-43B3-B724-CBF4CF9659DA}.Release|x64.Build.0 = Release|x64
	EndGlobalSection
	GlobalSection(SolutionProperties) = preSolution
		HideSolutionNode = FALSE
	EndGlobalSection
EndGlobal
